lockfileVersion: '9.0'

settings:
  autoInstallPeers: true
  excludeLinksFromLockfile: false

importers:

  .:
    dependencies:
      '@eth-optimism/sdk':
        specifier: ^3.3.2
        version: 3.3.2(ethers@5.7.2)
      dotenv:
        specifier: ^16.4.5
        version: 16.4.5
      ethers:
        specifier: ^5
        version: 5.7.2
    devDependencies:
      '@types/node':
        specifier: ^20.14.11
        version: 20.14.11
      tsx:
        specifier: ^4.16.2
        version: 4.16.2
      typescript:
        specifier: ^5.5.3
        version: 5.5.3

packages:

  '@esbuild/aix-ppc64@0.21.5':
    resolution: {integrity: sha512-1SDgH6ZSPTlggy1yI6+Dbkiz8xzpHJEVAlF/AM1tHPLsf5STom9rwtjE4hKAF20FfXXNTFqEYXyJNWh1GiZedQ==}
    engines: {node: '>=12'}
    cpu: [ppc64]
    os: [aix]

  '@esbuild/android-arm64@0.21.5':
    resolution: {integrity: sha512-c0uX9VAUBQ7dTDCjq+wdyGLowMdtR/GoC2U5IYk/7D1H1JYC0qseD7+11iMP2mRLN9RcCMRcjC4YMclCzGwS/A==}
    engines: {node: '>=12'}
    cpu: [arm64]
    os: [android]

  '@esbuild/android-arm@0.21.5':
    resolution: {integrity: sha512-vCPvzSjpPHEi1siZdlvAlsPxXl7WbOVUBBAowWug4rJHb68Ox8KualB+1ocNvT5fjv6wpkX6o/iEpbDrf68zcg==}
    engines: {node: '>=12'}
    cpu: [arm]
    os: [android]

  '@esbuild/android-x64@0.21.5':
    resolution: {integrity: sha512-D7aPRUUNHRBwHxzxRvp856rjUHRFW1SdQATKXH2hqA0kAZb1hKmi02OpYRacl0TxIGz/ZmXWlbZgjwWYaCakTA==}
    engines: {node: '>=12'}
    cpu: [x64]
    os: [android]

  '@esbuild/darwin-arm64@0.21.5':
    resolution: {integrity: sha512-DwqXqZyuk5AiWWf3UfLiRDJ5EDd49zg6O9wclZ7kUMv2WRFr4HKjXp/5t8JZ11QbQfUS6/cRCKGwYhtNAY88kQ==}
    engines: {node: '>=12'}
    cpu: [arm64]
    os: [darwin]

  '@esbuild/darwin-x64@0.21.5':
    resolution: {integrity: sha512-se/JjF8NlmKVG4kNIuyWMV/22ZaerB+qaSi5MdrXtd6R08kvs2qCN4C09miupktDitvh8jRFflwGFBQcxZRjbw==}
    engines: {node: '>=12'}
    cpu: [x64]
    os: [darwin]

  '@esbuild/freebsd-arm64@0.21.5':
    resolution: {integrity: sha512-5JcRxxRDUJLX8JXp/wcBCy3pENnCgBR9bN6JsY4OmhfUtIHe3ZW0mawA7+RDAcMLrMIZaf03NlQiX9DGyB8h4g==}
    engines: {node: '>=12'}
    cpu: [arm64]
    os: [freebsd]

  '@esbuild/freebsd-x64@0.21.5':
    resolution: {integrity: sha512-J95kNBj1zkbMXtHVH29bBriQygMXqoVQOQYA+ISs0/2l3T9/kj42ow2mpqerRBxDJnmkUDCaQT/dfNXWX/ZZCQ==}
    engines: {node: '>=12'}
    cpu: [x64]
    os: [freebsd]

  '@esbuild/linux-arm64@0.21.5':
    resolution: {integrity: sha512-ibKvmyYzKsBeX8d8I7MH/TMfWDXBF3db4qM6sy+7re0YXya+K1cem3on9XgdT2EQGMu4hQyZhan7TeQ8XkGp4Q==}
    engines: {node: '>=12'}
    cpu: [arm64]
    os: [linux]

  '@esbuild/linux-arm@0.21.5':
    resolution: {integrity: sha512-bPb5AHZtbeNGjCKVZ9UGqGwo8EUu4cLq68E95A53KlxAPRmUyYv2D6F0uUI65XisGOL1hBP5mTronbgo+0bFcA==}
    engines: {node: '>=12'}
    cpu: [arm]
    os: [linux]

  '@esbuild/linux-ia32@0.21.5':
    resolution: {integrity: sha512-YvjXDqLRqPDl2dvRODYmmhz4rPeVKYvppfGYKSNGdyZkA01046pLWyRKKI3ax8fbJoK5QbxblURkwK/MWY18Tg==}
    engines: {node: '>=12'}
    cpu: [ia32]
    os: [linux]

  '@esbuild/linux-loong64@0.21.5':
    resolution: {integrity: sha512-uHf1BmMG8qEvzdrzAqg2SIG/02+4/DHB6a9Kbya0XDvwDEKCoC8ZRWI5JJvNdUjtciBGFQ5PuBlpEOXQj+JQSg==}
    engines: {node: '>=12'}
    cpu: [loong64]
    os: [linux]

  '@esbuild/linux-mips64el@0.21.5':
    resolution: {integrity: sha512-IajOmO+KJK23bj52dFSNCMsz1QP1DqM6cwLUv3W1QwyxkyIWecfafnI555fvSGqEKwjMXVLokcV5ygHW5b3Jbg==}
    engines: {node: '>=12'}
    cpu: [mips64el]
    os: [linux]

  '@esbuild/linux-ppc64@0.21.5':
    resolution: {integrity: sha512-1hHV/Z4OEfMwpLO8rp7CvlhBDnjsC3CttJXIhBi+5Aj5r+MBvy4egg7wCbe//hSsT+RvDAG7s81tAvpL2XAE4w==}
    engines: {node: '>=12'}
    cpu: [ppc64]
    os: [linux]

  '@esbuild/linux-riscv64@0.21.5':
    resolution: {integrity: sha512-2HdXDMd9GMgTGrPWnJzP2ALSokE/0O5HhTUvWIbD3YdjME8JwvSCnNGBnTThKGEB91OZhzrJ4qIIxk/SBmyDDA==}
    engines: {node: '>=12'}
    cpu: [riscv64]
    os: [linux]

  '@esbuild/linux-s390x@0.21.5':
    resolution: {integrity: sha512-zus5sxzqBJD3eXxwvjN1yQkRepANgxE9lgOW2qLnmr8ikMTphkjgXu1HR01K4FJg8h1kEEDAqDcZQtbrRnB41A==}
    engines: {node: '>=12'}
    cpu: [s390x]
    os: [linux]

  '@esbuild/linux-x64@0.21.5':
    resolution: {integrity: sha512-1rYdTpyv03iycF1+BhzrzQJCdOuAOtaqHTWJZCWvijKD2N5Xu0TtVC8/+1faWqcP9iBCWOmjmhoH94dH82BxPQ==}
    engines: {node: '>=12'}
    cpu: [x64]
    os: [linux]

  '@esbuild/netbsd-x64@0.21.5':
    resolution: {integrity: sha512-Woi2MXzXjMULccIwMnLciyZH4nCIMpWQAs049KEeMvOcNADVxo0UBIQPfSmxB3CWKedngg7sWZdLvLczpe0tLg==}
    engines: {node: '>=12'}
    cpu: [x64]
    os: [netbsd]

  '@esbuild/openbsd-x64@0.21.5':
    resolution: {integrity: sha512-HLNNw99xsvx12lFBUwoT8EVCsSvRNDVxNpjZ7bPn947b8gJPzeHWyNVhFsaerc0n3TsbOINvRP2byTZ5LKezow==}
    engines: {node: '>=12'}
    cpu: [x64]
    os: [openbsd]

  '@esbuild/sunos-x64@0.21.5':
    resolution: {integrity: sha512-6+gjmFpfy0BHU5Tpptkuh8+uw3mnrvgs+dSPQXQOv3ekbordwnzTVEb4qnIvQcYXq6gzkyTnoZ9dZG+D4garKg==}
    engines: {node: '>=12'}
    cpu: [x64]
    os: [sunos]

  '@esbuild/win32-arm64@0.21.5':
    resolution: {integrity: sha512-Z0gOTd75VvXqyq7nsl93zwahcTROgqvuAcYDUr+vOv8uHhNSKROyU961kgtCD1e95IqPKSQKH7tBTslnS3tA8A==}
    engines: {node: '>=12'}
    cpu: [arm64]
    os: [win32]

  '@esbuild/win32-ia32@0.21.5':
    resolution: {integrity: sha512-SWXFF1CL2RVNMaVs+BBClwtfZSvDgtL//G/smwAc5oVK/UPu2Gu9tIaRgFmYFFKrmg3SyAjSrElf0TiJ1v8fYA==}
    engines: {node: '>=12'}
    cpu: [ia32]
    os: [win32]

  '@esbuild/win32-x64@0.21.5':
    resolution: {integrity: sha512-tQd/1efJuzPC6rCFwEvLtci/xNFcTZknmXs98FYDfGE4wP9ClFV98nyKrzJKVPMhdDnjzLhdUyMX4PsQAPjwIw==}
    engines: {node: '>=12'}
    cpu: [x64]
    os: [win32]

  '@eth-optimism/contracts@0.6.0':
    resolution: {integrity: sha512-vQ04wfG9kMf1Fwy3FEMqH2QZbgS0gldKhcBeBUPfO8zu68L61VI97UDXmsMQXzTsEAxK8HnokW3/gosl4/NW3w==}
    peerDependencies:
      ethers: ^5

  '@eth-optimism/core-utils@0.12.0':
    resolution: {integrity: sha512-qW+7LZYCz7i8dRa7SRlUKIo1VBU8lvN0HeXCxJR+z+xtMzMQpPds20XJNCMclszxYQHkXY00fOT6GvFw9ZL6nw==}

  '@eth-optimism/core-utils@0.13.2':
    resolution: {integrity: sha512-u7TOKm1RxH1V5zw7dHmfy91bOuEAZU68LT/9vJPkuWEjaTl+BgvPDRDTurjzclHzN0GbWdcpOqPZg4ftjkJGaw==}

  '@eth-optimism/sdk@3.3.2':
    resolution: {integrity: sha512-+zhxT0YkBIEzHsuIayQGjr8g9NawZo6/HYfzg1NSEFsE2Yt0NyCWqVDFTuuak0T6AvIa2kNcl3r0Z8drdb2QmQ==}
    peerDependencies:
      ethers: ^5

  '@ethereumjs/rlp@4.0.1':
    resolution: {integrity: sha512-tqsQiBQDQdmPWE1xkkBq4rlSW5QZpLOUJ5RJh2/9fug+q9tnUhuZoVLk7s0scUIKTOzEtR72DFBXI4WiZcMpvw==}
    engines: {node: '>=14'}
    hasBin: true

  '@ethereumjs/util@8.1.0':
    resolution: {integrity: sha512-zQ0IqbdX8FZ9aw11vP+dZkKDkS+kgIvQPHnSAXzP9pLu+Rfu3D3XEeLbicvoXJTYnhZiPmsZUxgdzXwNKxRPbA==}
    engines: {node: '>=14'}

  '@ethersproject/abi@5.7.0':
    resolution: {integrity: sha512-351ktp42TiRcYB3H1OP8yajPeAQstMW/yCFokj/AthP9bLHzQFPlOrxOcwYEDkUAICmOHljvN4K39OMTMUa9RA==}

  '@ethersproject/abstract-provider@5.7.0':
    resolution: {integrity: sha512-R41c9UkchKCpAqStMYUpdunjo3pkEvZC3FAwZn5S5MGbXoMQOHIdHItezTETxAO5bevtMApSyEhn9+CHcDsWBw==}

  '@ethersproject/abstract-signer@5.7.0':
    resolution: {integrity: sha512-a16V8bq1/Cz+TGCkE2OPMTOUDLS3grCpdjoJCYNnVBbdYEMSgKrU0+B90s8b6H+ByYTBZN7a3g76jdIJi7UfKQ==}

  '@ethersproject/address@5.7.0':
    resolution: {integrity: sha512-9wYhYt7aghVGo758POM5nqcOMaE168Q6aRLJZwUmiqSrAungkG74gSSeKEIR7ukixesdRZGPgVqme6vmxs1fkA==}

  '@ethersproject/base64@5.7.0':
    resolution: {integrity: sha512-Dr8tcHt2mEbsZr/mwTPIQAf3Ai0Bks/7gTw9dSqk1mQvhW3XvRlmDJr/4n+wg1JmCl16NZue17CDh8xb/vZ0sQ==}

  '@ethersproject/basex@5.7.0':
    resolution: {integrity: sha512-ywlh43GwZLv2Voc2gQVTKBoVQ1mti3d8HK5aMxsfu/nRDnMmNqaSJ3r3n85HBByT8OpoY96SXM1FogC533T4zw==}

  '@ethersproject/bignumber@5.7.0':
    resolution: {integrity: sha512-n1CAdIHRWjSucQO3MC1zPSVgV/6dy/fjL9pMrPP9peL+QxEg9wOsVqwD4+818B6LUEtaXzVHQiuivzRoxPxUGw==}

  '@ethersproject/bytes@5.7.0':
    resolution: {integrity: sha512-nsbxwgFXWh9NyYWo+U8atvmMsSdKJprTcICAkvbBffT75qDocbuggBU0SJiVK2MuTrp0q+xvLkTnGMPK1+uA9A==}

  '@ethersproject/constants@5.7.0':
    resolution: {integrity: sha512-DHI+y5dBNvkpYUMiRQyxRBYBefZkJfo70VUkUAsRjcPs47muV9evftfZ0PJVCXYbAiCgght0DtcF9srFQmIgWA==}

  '@ethersproject/contracts@5.7.0':
    resolution: {integrity: sha512-5GJbzEU3X+d33CdfPhcyS+z8MzsTrBGk/sc+G+59+tPa9yFkl6HQ9D6L0QMgNTA9q8dT0XKxxkyp883XsQvbbg==}

  '@ethersproject/hash@5.7.0':
    resolution: {integrity: sha512-qX5WrQfnah1EFnO5zJv1v46a8HW0+E5xuBBDTwMFZLuVTx0tbU2kkx15NqdjxecrLGatQN9FGQKpb1FKdHCt+g==}

  '@ethersproject/hdnode@5.7.0':
    resolution: {integrity: sha512-OmyYo9EENBPPf4ERhR7oj6uAtUAhYGqOnIS+jE5pTXvdKBS99ikzq1E7Iv0ZQZ5V36Lqx1qZLeak0Ra16qpeOg==}

  '@ethersproject/json-wallets@5.7.0':
    resolution: {integrity: sha512-8oee5Xgu6+RKgJTkvEMl2wDgSPSAQ9MB/3JYjFV9jlKvcYHUXZC+cQp0njgmxdHkYWn8s6/IqIZYm0YWCjO/0g==}

  '@ethersproject/keccak256@5.7.0':
    resolution: {integrity: sha512-2UcPboeL/iW+pSg6vZ6ydF8tCnv3Iu/8tUmLLzWWGzxWKFFqOBQFLo6uLUv6BDrLgCDfN28RJ/wtByx+jZ4KBg==}

  '@ethersproject/logger@5.7.0':
    resolution: {integrity: sha512-0odtFdXu/XHtjQXJYA3u9G0G8btm0ND5Cu8M7i5vhEcE8/HmF4Lbdqanwyv4uQTr2tx6b7fQRmgLrsnpQlmnig==}

  '@ethersproject/networks@5.7.1':
    resolution: {integrity: sha512-n/MufjFYv3yFcUyfhnXotyDlNdFb7onmkSy8aQERi2PjNcnWQ66xXxa3XlS8nCcA8aJKJjIIMNJTC7tu80GwpQ==}

  '@ethersproject/pbkdf2@5.7.0':
    resolution: {integrity: sha512-oR/dBRZR6GTyaofd86DehG72hY6NpAjhabkhxgr3X2FpJtJuodEl2auADWBZfhDHgVCbu3/H/Ocq2uC6dpNjjw==}

  '@ethersproject/properties@5.7.0':
    resolution: {integrity: sha512-J87jy8suntrAkIZtecpxEPxY//szqr1mlBaYlQ0r4RCaiD2hjheqF9s1LVE8vVuJCXisjIP+JgtK/Do54ej4Sw==}

  '@ethersproject/providers@5.7.2':
    resolution: {integrity: sha512-g34EWZ1WWAVgr4aptGlVBF8mhl3VWjv+8hoAnzStu8Ah22VHBsuGzP17eb6xDVRzw895G4W7vvx60lFFur/1Rg==}

  '@ethersproject/random@5.7.0':
    resolution: {integrity: sha512-19WjScqRA8IIeWclFme75VMXSBvi4e6InrUNuaR4s5pTF2qNhcGdCUwdxUVGtDDqC00sDLCO93jPQoDUH4HVmQ==}

  '@ethersproject/rlp@5.7.0':
    resolution: {integrity: sha512-rBxzX2vK8mVF7b0Tol44t5Tb8gomOHkj5guL+HhzQ1yBh/ydjGnpw6at+X6Iw0Kp3OzzzkcKp8N9r0W4kYSs9w==}

  '@ethersproject/sha2@5.7.0':
    resolution: {integrity: sha512-gKlH42riwb3KYp0reLsFTokByAKoJdgFCwI+CCiX/k+Jm2mbNs6oOaCjYQSlI1+XBVejwH2KrmCbMAT/GnRDQw==}

  '@ethersproject/signing-key@5.7.0':
    resolution: {integrity: sha512-MZdy2nL3wO0u7gkB4nA/pEf8lu1TlFswPNmy8AiYkfKTdO6eXBJyUdmHO/ehm/htHw9K/qF8ujnTyUAD+Ry54Q==}

  '@ethersproject/solidity@5.7.0':
    resolution: {integrity: sha512-HmabMd2Dt/raavyaGukF4XxizWKhKQ24DoLtdNbBmNKUOPqwjsKQSdV9GQtj9CBEea9DlzETlVER1gYeXXBGaA==}

  '@ethersproject/strings@5.7.0':
    resolution: {integrity: sha512-/9nu+lj0YswRNSH0NXYqrh8775XNyEdUQAuf3f+SmOrnVewcJ5SBNAjF7lpgehKi4abvNNXyf+HX86czCdJ8Mg==}

  '@ethersproject/transactions@5.7.0':
    resolution: {integrity: sha512-kmcNicCp1lp8qanMTC3RIikGgoJ80ztTyvtsFvCYpSCfkjhD0jZ2LOrnbcuxuToLIUYYf+4XwD1rP+B/erDIhQ==}

  '@ethersproject/units@5.7.0':
    resolution: {integrity: sha512-pD3xLMy3SJu9kG5xDGI7+xhTEmGXlEqXU4OfNapmfnxLVY4EMSSRp7j1k7eezutBPH7RBN/7QPnwR7hzNlEFeg==}

  '@ethersproject/wallet@5.7.0':
    resolution: {integrity: sha512-MhmXlJXEJFBFVKrDLB4ZdDzxcBxQ3rLyCkhNqVu3CDYvR97E+8r01UgrI+TI99Le+aYm/in/0vp86guJuM7FCA==}

  '@ethersproject/web@5.7.1':
    resolution: {integrity: sha512-Gueu8lSvyjBWL4cYsWsjh6MtMwM0+H4HvqFPZfB6dV8ctbP9zFAO73VG1cMWae0FLPCtz0peKPpZY8/ugJJX2w==}

  '@ethersproject/wordlists@5.7.0':
    resolution: {integrity: sha512-S2TFNJNfHWVHNE6cNDjbVlZ6MgE17MIxMbMg2zv3wn+3XSJGosL1m9ZVv3GXCf/2ymSsQ+hRI5IzoMJTG6aoVA==}

  '@noble/curves@1.4.2':
    resolution: {integrity: sha512-TavHr8qycMChk8UwMld0ZDRvatedkzWfH8IiaeGCfymOP5i0hSCozz9vHOL0nkwk7HRMlFnAiKpS2jrUmSybcw==}

  '@noble/hashes@1.4.0':
    resolution: {integrity: sha512-V1JJ1WTRUqHHrOSh597hURcMqVKVGL/ea3kv0gSnEdsEZ0/+VyPghM1lMNGc00z7CIQorSvbKpuJkxvuHbvdbg==}
    engines: {node: '>= 16'}

  '@scure/base@1.1.7':
    resolution: {integrity: sha512-PPNYBslrLNNUQ/Yad37MHYsNQtK67EhWb6WtSvNLLPo7SdVZgkUjD6Dg+5On7zNwmskf8OX7I7Nx5oN+MIWE0g==}

  '@scure/bip32@1.4.0':
    resolution: {integrity: sha512-sVUpc0Vq3tXCkDGYVWGIZTRfnvu8LoTDaev7vbwh0omSvVORONr960MQWdKqJDCReIEmTj3PAr73O3aoxz7OPg==}

  '@scure/bip39@1.3.0':
    resolution: {integrity: sha512-disdg7gHuTDZtY+ZdkmLpPCk7fxZSu3gBiEGuoC1XYxv9cGx3Z6cpTggCgW6odSOOIXCiDjuGejW+aJKCY/pIQ==}

  '@types/node@20.14.11':
    resolution: {integrity: sha512-kprQpL8MMeszbz6ojB5/tU8PLN4kesnN8Gjzw349rDlNgsSzg90lAVj3llK99Dh7JON+t9AuscPPFW6mPbTnSA==}

  aes-js@3.0.0:
    resolution: {integrity: sha512-H7wUZRn8WpTq9jocdxQ2c8x2sKo9ZVmzfRE13GiNJXfp7NcKYEdvl3vspKjXox6RIG2VtaRe4JFvxG4rqp2Zuw==}

  assertion-error@1.1.0:
    resolution: {integrity: sha512-jgsaNduz+ndvGyFt3uSuWqvy4lCnIJiovtouQN5JZHOKCS2QuhEdbcQHFhVksz2N2U9hXJo8odG7ETyWlEeuDw==}

  bech32@1.1.4:
    resolution: {integrity: sha512-s0IrSOzLlbvX7yp4WBfPITzpAU8sqQcpsmwXDiKwrG4r491vwCO/XpejasRNl0piBMe/DvP4Tz0mIS/X1DPJBQ==}

  bignumber.js@9.1.2:
    resolution: {integrity: sha512-2/mKyZH9K85bzOEfhXDBFZTGd1CTs+5IHpeFQo9luiBG7hghdC851Pj2WAhb6E3R6b9tZj/XKhbg4fum+Kepug==}

  bn.js@4.11.6:
    resolution: {integrity: sha512-XWwnNNFCuuSQ0m3r3C4LE3EiORltHd9M05pq6FOlVeiophzRbMo50Sbz1ehl8K3Z+jw9+vmgnXefY1hz8X+2wA==}

  bn.js@4.12.0:
    resolution: {integrity: sha512-c98Bf3tPniI+scsdk237ku1Dc3ujXQTSgyiPUDEOe7tRkhrqridvh8klBv0HCEso1OLOYcHuCv/cS6DNxKH+ZA==}

  bn.js@5.2.1:
    resolution: {integrity: sha512-eXRvHzWyYPBuB4NBy0cmYQjGitUrtqwbvlzP3G6VFnNRbsZQIxQ10PbKKHt8gZ/HW/D/747aDl+QkDqg3KQLMQ==}

  brorand@1.1.0:
    resolution: {integrity: sha512-cKV8tMCEpQs4hK/ik71d6LrPOnpkpGBR0wzxqr68g2m/LB2GxVYQroAjMJZRVM1Y4BCjCKc3vAamxSzOY2RP+w==}

  buffer-reverse@1.0.1:
    resolution: {integrity: sha512-M87YIUBsZ6N924W57vDwT/aOu8hw7ZgdByz6ijksLjmHJELBASmYTTlNHRgjE+pTsT9oJXGaDSgqqwfdHotDUg==}

  bufio@1.2.1:
    resolution: {integrity: sha512-9oR3zNdupcg/Ge2sSHQF3GX+kmvL/fTPvD0nd5AGLq8SjUYnTz+SlFjK/GXidndbZtIj+pVKXiWeR9w6e9wKCA==}
    engines: {node: '>=14.0.0'}

  chai@4.4.1:
    resolution: {integrity: sha512-13sOfMv2+DWduEU+/xbun3LScLoqN17nBeTLUsmDfKdoiC1fr0n9PU4guu4AhRcOVFk/sW8LyZWHuhWtQZiF+g==}
    engines: {node: '>=4'}

  check-error@1.0.3:
    resolution: {integrity: sha512-iKEoDYaRmd1mxM90a2OEfWhjsjPpYPuQ+lMYsoxB126+t8fw7ySEO48nmDg5COTjxDI65/Y2OWpeEHk3ZOe8zg==}

  crypto-js@4.2.0:
    resolution: {integrity: sha512-KALDyEYgpY+Rlob/iriUtjV6d5Eq+Y191A5g4UqLAi8CyGP9N1+FdVbkc1SxKc2r4YAYqG8JzO2KGL+AizD70Q==}

  deep-eql@4.1.4:
    resolution: {integrity: sha512-SUwdGfqdKOwxCPeVYjwSyRpJ7Z+fhpwIAtmCUdZIWZ/YP5R9WAsyuSgpLVDi9bjWoN2LXHNss/dk3urXtdQxGg==}
    engines: {node: '>=6'}

  dotenv@16.4.5:
    resolution: {integrity: sha512-ZmdL2rui+eB2YwhsWzjInR8LldtZHGDoQ1ugH85ppHKwpUHL7j7rN0Ti9NCnGiQbhaZ11FpR+7ao1dNsmduNUg==}
    engines: {node: '>=12'}

  elliptic@6.5.4:
    resolution: {integrity: sha512-iLhC6ULemrljPZb+QutR5TQGB+pdW6KGD5RSegS+8sorOZT+rdQFbsQFJgvN3eRqNALqJer4oQ16YvJHlU8hzQ==}

  esbuild@0.21.5:
    resolution: {integrity: sha512-mg3OPMV4hXywwpoDxu3Qda5xCKQi+vCTZq8S9J/EpkhB2HzKXq4SNFZE3+NK93JYxc8VMSep+lOUSC/RVKaBqw==}
    engines: {node: '>=12'}
    hasBin: true

  ethereum-bloom-filters@1.1.0:
    resolution: {integrity: sha512-J1gDRkLpuGNvWYzWslBQR9cDV4nd4kfvVTE/Wy4Kkm4yb3EYRSlyi0eB/inTsSTTVyA0+HyzHgbr95Fn/Z1fSw==}

  ethereum-cryptography@2.2.1:
    resolution: {integrity: sha512-r/W8lkHSiTLxUxW8Rf3u4HGB0xQweG2RyETjywylKZSzLWoWAijRz8WCuOtJ6wah+avllXBqZuk29HCCvhEIRg==}

  ethers@5.7.2:
    resolution: {integrity: sha512-wswUsmWo1aOK8rR7DIKiWSw9DbLWe6x98Jrn8wcTflTVvaXhAMaB5zGAXy0GYQEQp9iO1iSHWVyARQm11zUtyg==}

  ethjs-unit@0.1.6:
    resolution: {integrity: sha512-/Sn9Y0oKl0uqQuvgFk/zQgR7aw1g36qX/jzSQ5lSwlO0GigPymk4eGQfeNTD03w1dPOqfz8V77Cy43jH56pagw==}
    engines: {node: '>=6.5.0', npm: '>=3'}

  fsevents@2.3.3:
    resolution: {integrity: sha512-5xoDfX+fL7faATnagmWPpbFtwh/R77WmMMqqHGS65C3vvB0YHrgF+B1YmZ3441tMj5n63k0212XNoJwzlhffQw==}
    engines: {node: ^8.16.0 || ^10.6.0 || >=11.0.0}
    os: [darwin]

  get-func-name@2.0.2:
    resolution: {integrity: sha512-8vXOvuE167CtIc3OyItco7N/dpRtBbYOsPsXCz7X/PMnlGjYjSGuZJgM1Y7mmew7BKf9BqvLX2tnOVy1BBUsxQ==}

  get-tsconfig@4.7.6:
    resolution: {integrity: sha512-ZAqrLlu18NbDdRaHq+AKXzAmqIUPswPWKUchfytdAjiRFnCe5ojG2bstg6mRiZabkKfCoL/e98pbBELIV/YCeA==}

  hash.js@1.1.7:
    resolution: {integrity: sha512-taOaskGt4z4SOANNseOviYDvjEJinIkRgmp7LbKP2YTTmVxWBl87s/uzK9r+44BclBSp2X7K1hqeNfz9JbBeXA==}

  hmac-drbg@1.0.1:
    resolution: {integrity: sha512-Tti3gMqLdZfhOQY1Mzf/AanLiqh1WTiJgEj26ZuYQ9fbkLomzGchCws4FyrSd4VkpBfiNhaE1On+lOz894jvXg==}

  inherits@2.0.4:
    resolution: {integrity: sha512-k/vGaX4/Yla3WzyMCvTQOXYeIHvqOKtnqBduzTHpzpQZzAskKMhZ2K+EnBiSM9zGSoIFeMpXKxa4dYeZIQqewQ==}

  is-hex-prefixed@1.0.0:
    resolution: {integrity: sha512-WvtOiug1VFrE9v1Cydwm+FnXd3+w9GaeVUss5W4v/SLy3UW00vP+6iNF2SdnfiBoLy4bTqVdkftNGTUeOFVsbA==}
    engines: {node: '>=6.5.0', npm: '>=3'}

  js-sha3@0.8.0:
    resolution: {integrity: sha512-gF1cRrHhIzNfToc802P800N8PpXS+evLLXfsVpowqmAFR9uwbi89WvXg2QspOmXL8QL86J4T1EpFu+yUkwJY3Q==}

  lodash@4.17.21:
    resolution: {integrity: sha512-v2kDEe57lecTulaDIuNTPy3Ry4gLGJ6Z1O3vE1krgXZNrsQ+LFTGHVxVjcXPs17LhbZVGedAJv8XZ1tvj5FvSg==}

  loupe@2.3.7:
    resolution: {integrity: sha512-zSMINGVYkdpYSOBmLi0D1Uo7JU9nVdQKrHxC8eYlV+9YKK9WePqAlL7lSlorG/U2Fw1w0hTBmaa/jrQ3UbPHtA==}

  merkletreejs@0.3.11:
    resolution: {integrity: sha512-LJKTl4iVNTndhL+3Uz/tfkjD0klIWsHlUzgtuNnNrsf7bAlXR30m+xYB7lHr5Z/l6e/yAIsr26Dabx6Buo4VGQ==}
    engines: {node: '>= 7.6.0'}

  micro-ftch@0.3.1:
    resolution: {integrity: sha512-/0LLxhzP0tfiR5hcQebtudP56gUurs2CLkGarnCiB/OqEyUFQ6U3paQi/tgLv0hBJYt2rnr9MNpxz4fiiugstg==}

  minimalistic-assert@1.0.1:
    resolution: {integrity: sha512-UtJcAD4yEaGtjPezWuO9wC4nwUnVH/8/Im3yEHQP4b67cXlD/Qr9hdITCU1xDbSEXg2XKNaP8jsReV7vQd00/A==}

  minimalistic-crypto-utils@1.0.1:
    resolution: {integrity: sha512-JIYlbt6g8i5jKfJ3xz7rF0LXmv2TkDxBLUkiBeZ7bAx4GnnNMr8xFpGnOxn6GhTEHx3SjRrZEoU+j04prX1ktg==}

  node-fetch@2.7.0:
    resolution: {integrity: sha512-c4FRfUm/dbcWZ7U+1Wq0AwCyFL+3nt2bEw05wfxSz+DWpWsitgmSgYmy2dQdWyKC1694ELPqMs/YzUSNozLt8A==}
    engines: {node: 4.x || >=6.0.0}
    peerDependencies:
      encoding: ^0.1.0
    peerDependenciesMeta:
      encoding:
        optional: true

  number-to-bn@1.7.0:
    resolution: {integrity: sha512-wsJ9gfSz1/s4ZsJN01lyonwuxA1tml6X1yBDnfpMglypcBRFZZkus26EdPSlqS5GJfYddVZa22p3VNb3z5m5Ig==}
    engines: {node: '>=6.5.0', npm: '>=3'}

  pathval@1.1.1:
    resolution: {integrity: sha512-Dp6zGqpTdETdR63lehJYPeIOqpiNBNtc7BpWSLrOje7UaIsE5aY92r/AunQA7rsXvet3lrJ3JnZX29UPTKXyKQ==}

  randombytes@2.1.0:
    resolution: {integrity: sha512-vYl3iOX+4CKUWuxGi9Ukhie6fsqXqS9FE2Zaic4tNFD2N2QQaXOMFbuKK4QmDHC0JO6B1Zp41J0LpT0oR68amQ==}

  resolve-pkg-maps@1.0.0:
    resolution: {integrity: sha512-seS2Tj26TBVOC2NIc2rOe2y2ZO7efxITtLZcGSOnHHNOQ7CkiUBfw0Iw2ck6xkIhPwLhKNLS8BO+hEpngQlqzw==}

  rlp@2.2.7:
    resolution: {integrity: sha512-d5gdPmgQ0Z+AklL2NVXr/IoSjNZFfTVvQWzL/AM2AOcSzYP2xjlb0AC8YyCLc41MSNf6P6QVtjgPdmVtzb+4lQ==}
    hasBin: true

  safe-buffer@5.2.1:
    resolution: {integrity: sha512-rp3So07KcdmmKbGvgaNxQSJr7bGVSVk5S9Eq1F+ppbRo70+YeaDxkw5Dd8NPN+GD6bjnYm2VuPuCXmpuYvmCXQ==}

  scrypt-js@3.0.1:
    resolution: {integrity: sha512-cdwTTnqPu0Hyvf5in5asVdZocVDTNRmR7XEcJuIzMjJeSHybHl7vpB66AzwTaIg6CLSbtjcxc8fqcySfnTkccA==}

  semver@7.6.3:
    resolution: {integrity: sha512-oVekP1cKtI+CTDvHWYFUcMtsK/00wmAEfyqKfNdARm8u1wNVhSgaX7A8d4UuIlUI5e84iEwOhs7ZPYRmzU9U6A==}
    engines: {node: '>=10'}
    hasBin: true

  strip-hex-prefix@1.0.0:
    resolution: {integrity: sha512-q8d4ue7JGEiVcypji1bALTos+0pWtyGlivAWyPuTkHzuTCJqrK9sWxYQZUq6Nq3cuyv3bm734IhHvHtGGURU6A==}
    engines: {node: '>=6.5.0', npm: '>=3'}

  tr46@0.0.3:
    resolution: {integrity: sha512-N3WMsuqV66lT30CrXNbEjx4GEwlow3v6rr4mCcv6prnfwhS01rkgyFdjPNBYd9br7LpXV1+Emh01fHnq2Gdgrw==}

  treeify@1.1.0:
    resolution: {integrity: sha512-1m4RA7xVAJrSGrrXGs0L3YTwyvBs2S8PbRHaLZAkFw7JR8oIFwYtysxlBZhYIa7xSyiYJKZ3iGrrk55cGA3i9A==}
    engines: {node: '>=0.6'}

  tsx@4.16.2:
    resolution: {integrity: sha512-C1uWweJDgdtX2x600HjaFaucXTilT7tgUZHbOE4+ypskZ1OP8CRCSDkCxG6Vya9EwaFIVagWwpaVAn5wzypaqQ==}
    engines: {node: '>=18.0.0'}
    hasBin: true

  type-detect@4.0.8:
    resolution: {integrity: sha512-0fr/mIH1dlO+x7TlcMy+bIDqKPsw/70tVyeHW787goQjhmqaZe10uwLujubK9q9Lg6Fiho1KUKDYz0Z7k7g5/g==}
    engines: {node: '>=4'}

  typescript@5.5.3:
    resolution: {integrity: sha512-/hreyEujaB0w76zKo6717l3L0o/qEUtRgdvUBvlkhoWeOVMjMuHNHk0BRBzikzuGDqNmPQbg5ifMEqsHLiIUcQ==}
    engines: {node: '>=14.17'}
    hasBin: true

  undici-types@5.26.5:
    resolution: {integrity: sha512-JlCMO+ehdEIKqlFxk6IfVoAUVmgz7cU7zD/h9XZ0qzeosSHmUJVOzSQvvYSYWXkFXC+IfLKSIffhv0sVZup6pA==}

  utf8@3.0.0:
    resolution: {integrity: sha512-E8VjFIQ/TyQgp+TZfS6l8yp/xWppSAHzidGiRrqe4bK4XP9pTRyKFgGJpO3SN7zdX4DeomTrwaseCHovfpFcqQ==}

  web3-utils@1.10.4:
    resolution: {integrity: sha512-tsu8FiKJLk2PzhDl9fXbGUWTkkVXYhtTA+SmEFkKft+9BgwLxfCRpU96sWv7ICC8zixBNd3JURVoiR3dUXgP8A==}
    engines: {node: '>=8.0.0'}

  webidl-conversions@3.0.1:
    resolution: {integrity: sha512-2JAn3z8AR6rjK8Sm8orRC0h/bcl/DqL7tRPdGZ4I1CjdF+EaMLmYxBHyXuKL849eucPFhvBoxMsflfOb8kxaeQ==}

  whatwg-url@5.0.0:
    resolution: {integrity: sha512-saE57nupxk6v3HY35+jzBwYa0rKSy0XR8JSxZPwgLr7ys0IBzhGviA1/TUGJLmSVqs8pb9AnvICXEuOHLprYTw==}

  ws@7.4.6:
    resolution: {integrity: sha512-YmhHDO4MzaDLB+M9ym/mDA5z0naX8j7SIlT8f8z+I0VtzsRbekxEutHSme7NPS2qE8StCYQNUnfWdXta/Yu85A==}
    engines: {node: '>=8.3.0'}
    peerDependencies:
      bufferutil: ^4.0.1
      utf-8-validate: ^5.0.2
    peerDependenciesMeta:
      bufferutil:
        optional: true
      utf-8-validate:
        optional: true

snapshots:

  '@esbuild/aix-ppc64@0.21.5':
    optional: true

  '@esbuild/android-arm64@0.21.5':
    optional: true

  '@esbuild/android-arm@0.21.5':
    optional: true

  '@esbuild/android-x64@0.21.5':
    optional: true

  '@esbuild/darwin-arm64@0.21.5':
    optional: true

  '@esbuild/darwin-x64@0.21.5':
    optional: true

  '@esbuild/freebsd-arm64@0.21.5':
    optional: true

  '@esbuild/freebsd-x64@0.21.5':
    optional: true

  '@esbuild/linux-arm64@0.21.5':
    optional: true

  '@esbuild/linux-arm@0.21.5':
    optional: true

  '@esbuild/linux-ia32@0.21.5':
    optional: true

  '@esbuild/linux-loong64@0.21.5':
    optional: true

  '@esbuild/linux-mips64el@0.21.5':
    optional: true

  '@esbuild/linux-ppc64@0.21.5':
    optional: true

  '@esbuild/linux-riscv64@0.21.5':
    optional: true

  '@esbuild/linux-s390x@0.21.5':
    optional: true

  '@esbuild/linux-x64@0.21.5':
    optional: true

  '@esbuild/netbsd-x64@0.21.5':
    optional: true

  '@esbuild/openbsd-x64@0.21.5':
    optional: true

  '@esbuild/sunos-x64@0.21.5':
    optional: true

  '@esbuild/win32-arm64@0.21.5':
    optional: true

  '@esbuild/win32-ia32@0.21.5':
    optional: true

  '@esbuild/win32-x64@0.21.5':
    optional: true

  '@eth-optimism/contracts@0.6.0(ethers@5.7.2)':
    dependencies:
      '@eth-optimism/core-utils': 0.12.0
      '@ethersproject/abstract-provider': 5.7.0
      '@ethersproject/abstract-signer': 5.7.0
      ethers: 5.7.2
    transitivePeerDependencies:
      - bufferutil
      - utf-8-validate

  '@eth-optimism/core-utils@0.12.0':
    dependencies:
      '@ethersproject/abi': 5.7.0
      '@ethersproject/abstract-provider': 5.7.0
      '@ethersproject/address': 5.7.0
      '@ethersproject/bignumber': 5.7.0
      '@ethersproject/bytes': 5.7.0
      '@ethersproject/constants': 5.7.0
      '@ethersproject/contracts': 5.7.0
      '@ethersproject/hash': 5.7.0
      '@ethersproject/keccak256': 5.7.0
      '@ethersproject/properties': 5.7.0
      '@ethersproject/providers': 5.7.2
      '@ethersproject/rlp': 5.7.0
      '@ethersproject/transactions': 5.7.0
      '@ethersproject/web': 5.7.1
      bufio: 1.2.1
      chai: 4.4.1
    transitivePeerDependencies:
      - bufferutil
      - utf-8-validate

  '@eth-optimism/core-utils@0.13.2':
    dependencies:
      '@ethersproject/abi': 5.7.0
      '@ethersproject/abstract-provider': 5.7.0
      '@ethersproject/address': 5.7.0
      '@ethersproject/bignumber': 5.7.0
      '@ethersproject/bytes': 5.7.0
      '@ethersproject/constants': 5.7.0
      '@ethersproject/contracts': 5.7.0
      '@ethersproject/keccak256': 5.7.0
      '@ethersproject/properties': 5.7.0
      '@ethersproject/rlp': 5.7.0
      '@ethersproject/web': 5.7.1
      chai: 4.4.1
      ethers: 5.7.2
      node-fetch: 2.7.0
    transitivePeerDependencies:
      - bufferutil
      - encoding
      - utf-8-validate

  '@eth-optimism/sdk@3.3.2(ethers@5.7.2)':
    dependencies:
      '@eth-optimism/contracts': 0.6.0(ethers@5.7.2)
      '@eth-optimism/core-utils': 0.13.2
      ethers: 5.7.2
      lodash: 4.17.21
      merkletreejs: 0.3.11
      rlp: 2.2.7
      semver: 7.6.3
    transitivePeerDependencies:
      - bufferutil
      - encoding
      - utf-8-validate

  '@ethereumjs/rlp@4.0.1': {}

  '@ethereumjs/util@8.1.0':
    dependencies:
      '@ethereumjs/rlp': 4.0.1
      ethereum-cryptography: 2.2.1
      micro-ftch: 0.3.1

  '@ethersproject/abi@5.7.0':
    dependencies:
      '@ethersproject/address': 5.7.0
      '@ethersproject/bignumber': 5.7.0
      '@ethersproject/bytes': 5.7.0
      '@ethersproject/constants': 5.7.0
      '@ethersproject/hash': 5.7.0
      '@ethersproject/keccak256': 5.7.0
      '@ethersproject/logger': 5.7.0
      '@ethersproject/properties': 5.7.0
      '@ethersproject/strings': 5.7.0

  '@ethersproject/abstract-provider@5.7.0':
    dependencies:
      '@ethersproject/bignumber': 5.7.0
      '@ethersproject/bytes': 5.7.0
      '@ethersproject/logger': 5.7.0
      '@ethersproject/networks': 5.7.1
      '@ethersproject/properties': 5.7.0
      '@ethersproject/transactions': 5.7.0
      '@ethersproject/web': 5.7.1

  '@ethersproject/abstract-signer@5.7.0':
    dependencies:
      '@ethersproject/abstract-provider': 5.7.0
      '@ethersproject/bignumber': 5.7.0
      '@ethersproject/bytes': 5.7.0
      '@ethersproject/logger': 5.7.0
      '@ethersproject/properties': 5.7.0

  '@ethersproject/address@5.7.0':
    dependencies:
      '@ethersproject/bignumber': 5.7.0
      '@ethersproject/bytes': 5.7.0
      '@ethersproject/keccak256': 5.7.0
      '@ethersproject/logger': 5.7.0
      '@ethersproject/rlp': 5.7.0

  '@ethersproject/base64@5.7.0':
    dependencies:
      '@ethersproject/bytes': 5.7.0

  '@ethersproject/basex@5.7.0':
    dependencies:
      '@ethersproject/bytes': 5.7.0
      '@ethersproject/properties': 5.7.0

  '@ethersproject/bignumber@5.7.0':
    dependencies:
      '@ethersproject/bytes': 5.7.0
      '@ethersproject/logger': 5.7.0
      bn.js: 5.2.1

  '@ethersproject/bytes@5.7.0':
    dependencies:
      '@ethersproject/logger': 5.7.0

  '@ethersproject/constants@5.7.0':
    dependencies:
      '@ethersproject/bignumber': 5.7.0

  '@ethersproject/contracts@5.7.0':
    dependencies:
      '@ethersproject/abi': 5.7.0
      '@ethersproject/abstract-provider': 5.7.0
      '@ethersproject/abstract-signer': 5.7.0
      '@ethersproject/address': 5.7.0
      '@ethersproject/bignumber': 5.7.0
      '@ethersproject/bytes': 5.7.0
      '@ethersproject/constants': 5.7.0
      '@ethersproject/logger': 5.7.0
      '@ethersproject/properties': 5.7.0
      '@ethersproject/transactions': 5.7.0

  '@ethersproject/hash@5.7.0':
    dependencies:
      '@ethersproject/abstract-signer': 5.7.0
      '@ethersproject/address': 5.7.0
      '@ethersproject/base64': 5.7.0
      '@ethersproject/bignumber': 5.7.0
      '@ethersproject/bytes': 5.7.0
      '@ethersproject/keccak256': 5.7.0
      '@ethersproject/logger': 5.7.0
      '@ethersproject/properties': 5.7.0
      '@ethersproject/strings': 5.7.0

  '@ethersproject/hdnode@5.7.0':
    dependencies:
      '@ethersproject/abstract-signer': 5.7.0
      '@ethersproject/basex': 5.7.0
      '@ethersproject/bignumber': 5.7.0
      '@ethersproject/bytes': 5.7.0
      '@ethersproject/logger': 5.7.0
      '@ethersproject/pbkdf2': 5.7.0
      '@ethersproject/properties': 5.7.0
      '@ethersproject/sha2': 5.7.0
      '@ethersproject/signing-key': 5.7.0
      '@ethersproject/strings': 5.7.0
      '@ethersproject/transactions': 5.7.0
      '@ethersproject/wordlists': 5.7.0

  '@ethersproject/json-wallets@5.7.0':
    dependencies:
      '@ethersproject/abstract-signer': 5.7.0
      '@ethersproject/address': 5.7.0
      '@ethersproject/bytes': 5.7.0
      '@ethersproject/hdnode': 5.7.0
      '@ethersproject/keccak256': 5.7.0
      '@ethersproject/logger': 5.7.0
      '@ethersproject/pbkdf2': 5.7.0
      '@ethersproject/properties': 5.7.0
      '@ethersproject/random': 5.7.0
      '@ethersproject/strings': 5.7.0
      '@ethersproject/transactions': 5.7.0
      aes-js: 3.0.0
      scrypt-js: 3.0.1

  '@ethersproject/keccak256@5.7.0':
    dependencies:
      '@ethersproject/bytes': 5.7.0
      js-sha3: 0.8.0

  '@ethersproject/logger@5.7.0': {}

  '@ethersproject/networks@5.7.1':
    dependencies:
      '@ethersproject/logger': 5.7.0

  '@ethersproject/pbkdf2@5.7.0':
    dependencies:
      '@ethersproject/bytes': 5.7.0
      '@ethersproject/sha2': 5.7.0

  '@ethersproject/properties@5.7.0':
    dependencies:
      '@ethersproject/logger': 5.7.0

  '@ethersproject/providers@5.7.2':
    dependencies:
      '@ethersproject/abstract-provider': 5.7.0
      '@ethersproject/abstract-signer': 5.7.0
      '@ethersproject/address': 5.7.0
      '@ethersproject/base64': 5.7.0
      '@ethersproject/basex': 5.7.0
      '@ethersproject/bignumber': 5.7.0
      '@ethersproject/bytes': 5.7.0
      '@ethersproject/constants': 5.7.0
      '@ethersproject/hash': 5.7.0
      '@ethersproject/logger': 5.7.0
      '@ethersproject/networks': 5.7.1
      '@ethersproject/properties': 5.7.0
      '@ethersproject/random': 5.7.0
      '@ethersproject/rlp': 5.7.0
      '@ethersproject/sha2': 5.7.0
      '@ethersproject/strings': 5.7.0
      '@ethersproject/transactions': 5.7.0
      '@ethersproject/web': 5.7.1
      bech32: 1.1.4
      ws: 7.4.6
    transitivePeerDependencies:
      - bufferutil
      - utf-8-validate

  '@ethersproject/random@5.7.0':
    dependencies:
      '@ethersproject/bytes': 5.7.0
      '@ethersproject/logger': 5.7.0

  '@ethersproject/rlp@5.7.0':
    dependencies:
      '@ethersproject/bytes': 5.7.0
      '@ethersproject/logger': 5.7.0

  '@ethersproject/sha2@5.7.0':
    dependencies:
      '@ethersproject/bytes': 5.7.0
      '@ethersproject/logger': 5.7.0
      hash.js: 1.1.7

  '@ethersproject/signing-key@5.7.0':
    dependencies:
      '@ethersproject/bytes': 5.7.0
      '@ethersproject/logger': 5.7.0
      '@ethersproject/properties': 5.7.0
      bn.js: 5.2.1
      elliptic: 6.5.4
      hash.js: 1.1.7

  '@ethersproject/solidity@5.7.0':
    dependencies:
      '@ethersproject/bignumber': 5.7.0
      '@ethersproject/bytes': 5.7.0
      '@ethersproject/keccak256': 5.7.0
      '@ethersproject/logger': 5.7.0
      '@ethersproject/sha2': 5.7.0
      '@ethersproject/strings': 5.7.0

  '@ethersproject/strings@5.7.0':
    dependencies:
      '@ethersproject/bytes': 5.7.0
      '@ethersproject/constants': 5.7.0
      '@ethersproject/logger': 5.7.0

  '@ethersproject/transactions@5.7.0':
    dependencies:
      '@ethersproject/address': 5.7.0
      '@ethersproject/bignumber': 5.7.0
      '@ethersproject/bytes': 5.7.0
      '@ethersproject/constants': 5.7.0
      '@ethersproject/keccak256': 5.7.0
      '@ethersproject/logger': 5.7.0
      '@ethersproject/properties': 5.7.0
      '@ethersproject/rlp': 5.7.0
      '@ethersproject/signing-key': 5.7.0

  '@ethersproject/units@5.7.0':
    dependencies:
      '@ethersproject/bignumber': 5.7.0
      '@ethersproject/constants': 5.7.0
      '@ethersproject/logger': 5.7.0

  '@ethersproject/wallet@5.7.0':
    dependencies:
      '@ethersproject/abstract-provider': 5.7.0
      '@ethersproject/abstract-signer': 5.7.0
      '@ethersproject/address': 5.7.0
      '@ethersproject/bignumber': 5.7.0
      '@ethersproject/bytes': 5.7.0
      '@ethersproject/hash': 5.7.0
      '@ethersproject/hdnode': 5.7.0
      '@ethersproject/json-wallets': 5.7.0
      '@ethersproject/keccak256': 5.7.0
      '@ethersproject/logger': 5.7.0
      '@ethersproject/properties': 5.7.0
      '@ethersproject/random': 5.7.0
      '@ethersproject/signing-key': 5.7.0
      '@ethersproject/transactions': 5.7.0
      '@ethersproject/wordlists': 5.7.0

  '@ethersproject/web@5.7.1':
    dependencies:
      '@ethersproject/base64': 5.7.0
      '@ethersproject/bytes': 5.7.0
      '@ethersproject/logger': 5.7.0
      '@ethersproject/properties': 5.7.0
      '@ethersproject/strings': 5.7.0

  '@ethersproject/wordlists@5.7.0':
    dependencies:
      '@ethersproject/bytes': 5.7.0
      '@ethersproject/hash': 5.7.0
      '@ethersproject/logger': 5.7.0
      '@ethersproject/properties': 5.7.0
      '@ethersproject/strings': 5.7.0

  '@noble/curves@1.4.2':
    dependencies:
      '@noble/hashes': 1.4.0

  '@noble/hashes@1.4.0': {}

  '@scure/base@1.1.7': {}

  '@scure/bip32@1.4.0':
    dependencies:
      '@noble/curves': 1.4.2
      '@noble/hashes': 1.4.0
      '@scure/base': 1.1.7

  '@scure/bip39@1.3.0':
    dependencies:
      '@noble/hashes': 1.4.0
      '@scure/base': 1.1.7

  '@types/node@20.14.11':
    dependencies:
      undici-types: 5.26.5

  aes-js@3.0.0: {}

  assertion-error@1.1.0: {}

  bech32@1.1.4: {}

  bignumber.js@9.1.2: {}

  bn.js@4.11.6: {}

  bn.js@4.12.0: {}

  bn.js@5.2.1: {}

  brorand@1.1.0: {}

  buffer-reverse@1.0.1: {}

  bufio@1.2.1: {}

  chai@4.4.1:
    dependencies:
      assertion-error: 1.1.0
      check-error: 1.0.3
      deep-eql: 4.1.4
      get-func-name: 2.0.2
      loupe: 2.3.7
      pathval: 1.1.1
      type-detect: 4.0.8

  check-error@1.0.3:
    dependencies:
      get-func-name: 2.0.2

  crypto-js@4.2.0: {}

  deep-eql@4.1.4:
    dependencies:
      type-detect: 4.0.8

  dotenv@16.4.5: {}

  elliptic@6.5.4:
    dependencies:
      bn.js: 4.12.0
      brorand: 1.1.0
      hash.js: 1.1.7
      hmac-drbg: 1.0.1
      inherits: 2.0.4
      minimalistic-assert: 1.0.1
      minimalistic-crypto-utils: 1.0.1

  esbuild@0.21.5:
    optionalDependencies:
      '@esbuild/aix-ppc64': 0.21.5
      '@esbuild/android-arm': 0.21.5
      '@esbuild/android-arm64': 0.21.5
      '@esbuild/android-x64': 0.21.5
      '@esbuild/darwin-arm64': 0.21.5
      '@esbuild/darwin-x64': 0.21.5
      '@esbuild/freebsd-arm64': 0.21.5
      '@esbuild/freebsd-x64': 0.21.5
      '@esbuild/linux-arm': 0.21.5
      '@esbuild/linux-arm64': 0.21.5
      '@esbuild/linux-ia32': 0.21.5
      '@esbuild/linux-loong64': 0.21.5
      '@esbuild/linux-mips64el': 0.21.5
      '@esbuild/linux-ppc64': 0.21.5
      '@esbuild/linux-riscv64': 0.21.5
      '@esbuild/linux-s390x': 0.21.5
      '@esbuild/linux-x64': 0.21.5
      '@esbuild/netbsd-x64': 0.21.5
      '@esbuild/openbsd-x64': 0.21.5
      '@esbuild/sunos-x64': 0.21.5
      '@esbuild/win32-arm64': 0.21.5
      '@esbuild/win32-ia32': 0.21.5
      '@esbuild/win32-x64': 0.21.5

  ethereum-bloom-filters@1.1.0:
    dependencies:
      '@noble/hashes': 1.4.0

  ethereum-cryptography@2.2.1:
    dependencies:
      '@noble/curves': 1.4.2
      '@noble/hashes': 1.4.0
      '@scure/bip32': 1.4.0
      '@scure/bip39': 1.3.0

  ethers@5.7.2:
    dependencies:
      '@ethersproject/abi': 5.7.0
      '@ethersproject/abstract-provider': 5.7.0
      '@ethersproject/abstract-signer': 5.7.0
      '@ethersproject/address': 5.7.0
      '@ethersproject/base64': 5.7.0
      '@ethersproject/basex': 5.7.0
      '@ethersproject/bignumber': 5.7.0
      '@ethersproject/bytes': 5.7.0
      '@ethersproject/constants': 5.7.0
      '@ethersproject/contracts': 5.7.0
      '@ethersproject/hash': 5.7.0
      '@ethersproject/hdnode': 5.7.0
      '@ethersproject/json-wallets': 5.7.0
      '@ethersproject/keccak256': 5.7.0
      '@ethersproject/logger': 5.7.0
      '@ethersproject/networks': 5.7.1
      '@ethersproject/pbkdf2': 5.7.0
      '@ethersproject/properties': 5.7.0
      '@ethersproject/providers': 5.7.2
      '@ethersproject/random': 5.7.0
      '@ethersproject/rlp': 5.7.0
      '@ethersproject/sha2': 5.7.0
      '@ethersproject/signing-key': 5.7.0
      '@ethersproject/solidity': 5.7.0
      '@ethersproject/strings': 5.7.0
      '@ethersproject/transactions': 5.7.0
      '@ethersproject/units': 5.7.0
      '@ethersproject/wallet': 5.7.0
      '@ethersproject/web': 5.7.1
      '@ethersproject/wordlists': 5.7.0
    transitivePeerDependencies:
      - bufferutil
      - utf-8-validate

  ethjs-unit@0.1.6:
    dependencies:
      bn.js: 4.11.6
      number-to-bn: 1.7.0

  fsevents@2.3.3:
    optional: true

  get-func-name@2.0.2: {}

  get-tsconfig@4.7.6:
    dependencies:
      resolve-pkg-maps: 1.0.0

  hash.js@1.1.7:
    dependencies:
      inherits: 2.0.4
      minimalistic-assert: 1.0.1

  hmac-drbg@1.0.1:
    dependencies:
      hash.js: 1.1.7
      minimalistic-assert: 1.0.1
      minimalistic-crypto-utils: 1.0.1

  inherits@2.0.4: {}

  is-hex-prefixed@1.0.0: {}

  js-sha3@0.8.0: {}

  lodash@4.17.21: {}

  loupe@2.3.7:
    dependencies:
      get-func-name: 2.0.2

  merkletreejs@0.3.11:
    dependencies:
      bignumber.js: 9.1.2
      buffer-reverse: 1.0.1
      crypto-js: 4.2.0
      treeify: 1.1.0
      web3-utils: 1.10.4

  micro-ftch@0.3.1: {}

  minimalistic-assert@1.0.1: {}

  minimalistic-crypto-utils@1.0.1: {}

  node-fetch@2.7.0:
    dependencies:
      whatwg-url: 5.0.0

  number-to-bn@1.7.0:
    dependencies:
      bn.js: 4.11.6
      strip-hex-prefix: 1.0.0

  pathval@1.1.1: {}

  randombytes@2.1.0:
    dependencies:
      safe-buffer: 5.2.1

  resolve-pkg-maps@1.0.0: {}

  rlp@2.2.7:
    dependencies:
      bn.js: 5.2.1

  safe-buffer@5.2.1: {}

  scrypt-js@3.0.1: {}

  semver@7.6.3: {}

  strip-hex-prefix@1.0.0:
    dependencies:
      is-hex-prefixed: 1.0.0

  tr46@0.0.3: {}

  treeify@1.1.0: {}

  tsx@4.16.2:
    dependencies:
      esbuild: 0.21.5
      get-tsconfig: 4.7.6
    optionalDependencies:
      fsevents: 2.3.3

  type-detect@4.0.8: {}

  typescript@5.5.3: {}

  undici-types@5.26.5: {}

  utf8@3.0.0: {}

  web3-utils@1.10.4:
    dependencies:
      '@ethereumjs/util': 8.1.0
      bn.js: 5.2.1
      ethereum-bloom-filters: 1.1.0
      ethereum-cryptography: 2.2.1
      ethjs-unit: 0.1.6
      number-to-bn: 1.7.0
      randombytes: 2.1.0
      utf8: 3.0.0

  webidl-conversions@3.0.1: {}

  whatwg-url@5.0.0:
    dependencies:
      tr46: 0.0.3
      webidl-conversions: 3.0.1

  ws@7.4.6: {}
